
Microsoft Visual Studio Solution File, Format Version 12.00
# Visual Studio Version 17
VisualStudioVersion = 17.9.34723.18
MinimumVisualStudioVersion = 10.0.40219.1
Project("{FAE04EC0-301F-11D3-BF4B-00C04F79EFBC}") = "csharp-print-string-in-reverse", "csharp-print-string-in-reverse\csharp-print-string-in-reverse.csproj", "{094F773E-7F1C-4846-92F1-ACFE910CC179}"
EndProject
Global
	GlobalSection(SolutionConfigurationPlatforms) = preSolution
		Debug|Any CPU = Debug|Any CPU
		Release|Any CPU = Release|Any CPU
	EndGlobalSection
	GlobalSection(ProjectConfigurationPlatforms) = postSolution
		{094F773E-7F1C-4846-92F1-ACFE910CC179}.Debug|Any CPU.ActiveCfg = Debug|Any CPU
		{094F773E-7F1C-4846-92F1-ACFE910CC179}.Debug|Any CPU.Build.0 = Debug|Any CPU
		{094F773E-7F1C-4846-92F1-ACFE910CC179}.Release|Any CPU.ActiveCfg = Release|Any CPU
		{094F773E-7F1C-4846-92F1-ACFE910CC179}.Release|Any CPU.Build.0 = Release|Any CPU
	EndGlobalSection
	GlobalSection(SolutionProperties) = preSolution
		HideSolutionNode = FALSE
	EndGlobalSection
	GlobalSection(ExtensibilityGlobals) = postSolution
		SolutionGuid = {F2A927D0-9E0F-4187-825F-C8B0191F098C}
	EndGlobalSection
EndGlobal
